// !$*UTF8*$!
{
	archiveVersion = 1;
	classes = {
	};
	objectVersion = 48;
	objects = {

/* Begin PBXBuildFile section */
		6B3EEE592022BDD600017C0B /* EmailCacheTool.m in Sources */ = {isa = PBXBuildFile; fileRef = 6B3EEE582022BDD600017C0B /* EmailCacheTool.m */; };
		6BD9D237201AD3C2008B7DA9 /* AppDelegate.m in Sources */ = {isa = PBXBuildFile; fileRef = 6BD9D236201AD3C2008B7DA9 /* AppDelegate.m */; };
		6BD9D23A201AD3C2008B7DA9 /* ViewController.m in Sources */ = {isa = PBXBuildFile; fileRef = 6BD9D239201AD3C2008B7DA9 /* ViewController.m */; };
		6BD9D23D201AD3C2008B7DA9 /* Main.storyboard in Resources */ = {isa = PBXBuildFile; fileRef = 6BD9D23B201AD3C2008B7DA9 /* Main.storyboard */; };
		6BD9D240201AD3C2008B7DA9 /* email.xcdatamodeld in Sources */ = {isa = PBXBuildFile; fileRef = 6BD9D23E201AD3C2008B7DA9 /* email.xcdatamodeld */; };
		6BD9D242201AD3C2008B7DA9 /* Assets.xcassets in Resources */ = {isa = PBXBuildFile; fileRef = 6BD9D241201AD3C2008B7DA9 /* Assets.xcassets */; };
		6BD9D245201AD3C2008B7DA9 /* LaunchScreen.storyboard in Resources */ = {isa = PBXBuildFile; fileRef = 6BD9D243201AD3C2008B7DA9 /* LaunchScreen.storyboard */; };
		6BD9D248201AD3C2008B7DA9 /* main.m in Sources */ = {isa = PBXBuildFile; fileRef = 6BD9D247201AD3C2008B7DA9 /* main.m */; };
		6BD9D250201AF502008B7DA9 /* emailNetWorkTool.m in Sources */ = {isa = PBXBuildFile; fileRef = 6BD9D24F201AF502008B7DA9 /* emailNetWorkTool.m */; };
		6BD9D25B201AFD3A008B7DA9 /* MailHomeControle.m in Sources */ = {isa = PBXBuildFile; fileRef = 6BD9D25A201AFD3A008B7DA9 /* MailHomeControle.m */; };
		6BD9D261201B1577008B7DA9 /* MailHomeCell.m in Sources */ = {isa = PBXBuildFile; fileRef = 6BD9D260201B1577008B7DA9 /* MailHomeCell.m */; };
		6BD9D263201B15AA008B7DA9 /* MailHomeCell.xib in Resources */ = {isa = PBXBuildFile; fileRef = 6BD9D262201B15AA008B7DA9 /* MailHomeCell.xib */; };
		FE1A98AB4029D20E1693B514 /* libPods-email.a in Frameworks */ = {isa = PBXBuildFile; fileRef = EE13319ACCB9941686296DEE /* libPods-email.a */; };
/* End PBXBuildFile section */

/* Begin PBXFileReference section */
		358538D941BAF786D53F790B /* Pods-email.release.xcconfig */ = {isa = PBXFileReference; includeInIndex = 1; lastKnownFileType = text.xcconfig; name = "Pods-email.release.xcconfig"; path = "Pods/Target Support Files/Pods-email/Pods-email.release.xcconfig"; sourceTree = "<group>"; };
		6B3EEE572022BDD600017C0B /* EmailCacheTool.h */ = {isa = PBXFileReference; lastKnownFileType = sourcecode.c.h; path = EmailCacheTool.h; sourceTree = "<group>"; };
		6B3EEE582022BDD600017C0B /* EmailCacheTool.m */ = {isa = PBXFileReference; lastKnownFileType = sourcecode.c.objc; path = EmailCacheTool.m; sourceTree = "<group>"; };
		6BD9D232201AD3C2008B7DA9 /* email.app */ = {isa = PBXFileReference; explicitFileType = wrapper.application; includeInIndex = 0; path = email.app; sourceTree = BUILT_PRODUCTS_DIR; };
		6BD9D235201AD3C2008B7DA9 /* AppDelegate.h */ = {isa = PBXFileReference; lastKnownFileType = sourcecode.c.h; path = AppDelegate.h; sourceTree = "<group>"; };
		6BD9D236201AD3C2008B7DA9 /* AppDelegate.m */ = {isa = PBXFileReference; lastKnownFileType = sourcecode.c.objc; path = AppDelegate.m; sourceTree = "<group>"; };
		6BD9D238201AD3C2008B7DA9 /* ViewController.h */ = {isa = PBXFileReference; lastKnownFileType = sourcecode.c.h; path = ViewController.h; sourceTree = "<group>"; };
		6BD9D239201AD3C2008B7DA9 /* ViewController.m */ = {isa = PBXFileReference; lastKnownFileType = sourcecode.c.objc; path = ViewController.m; sourceTree = "<group>"; };
		6BD9D23C201AD3C2008B7DA9 /* Base */ = {isa = PBXFileReference; lastKnownFileType = file.storyboard; name = Base; path = Base.lproj/Main.storyboard; sourceTree = "<group>"; };
		6BD9D23F201AD3C2008B7DA9 /* email.xcdatamodel */ = {isa = PBXFileReference; lastKnownFileType = wrapper.xcdatamodel; path = email.xcdatamodel; sourceTree = "<group>"; };
		6BD9D241201AD3C2008B7DA9 /* Assets.xcassets */ = {isa = PBXFileReference; lastKnownFileType = folder.assetcatalog; path = Assets.xcassets; sourceTree = "<group>"; };
		6BD9D244201AD3C2008B7DA9 /* Base */ = {isa = PBXFileReference; lastKnownFileType = file.storyboard; name = Base; path = Base.lproj/LaunchScreen.storyboard; sourceTree = "<group>"; };
		6BD9D246201AD3C2008B7DA9 /* Info.plist */ = {isa = PBXFileReference; lastKnownFileType = text.plist.xml; path = Info.plist; sourceTree = "<group>"; };
		6BD9D247201AD3C2008B7DA9 /* main.m */ = {isa = PBXFileReference; lastKnownFileType = sourcecode.c.objc; path = main.m; sourceTree = "<group>"; };
		6BD9D24E201AF502008B7DA9 /* emailNetWorkTool.h */ = {isa = PBXFileReference; lastKnownFileType = sourcecode.c.h; path = emailNetWorkTool.h; sourceTree = "<group>"; };
		6BD9D24F201AF502008B7DA9 /* emailNetWorkTool.m */ = {isa = PBXFileReference; lastKnownFileType = sourcecode.c.objc; path = emailNetWorkTool.m; sourceTree = "<group>"; };
		6BD9D259201AFD3A008B7DA9 /* MailHomeControle.h */ = {isa = PBXFileReference; lastKnownFileType = sourcecode.c.h; path = MailHomeControle.h; sourceTree = "<group>"; };
		6BD9D25A201AFD3A008B7DA9 /* MailHomeControle.m */ = {isa = PBXFileReference; lastKnownFileType = sourcecode.c.objc; path = MailHomeControle.m; sourceTree = "<group>"; };
		6BD9D25F201B1577008B7DA9 /* MailHomeCell.h */ = {isa = PBXFileReference; lastKnownFileType = sourcecode.c.h; path = MailHomeCell.h; sourceTree = "<group>"; };
		6BD9D260201B1577008B7DA9 /* MailHomeCell.m */ = {isa = PBXFileReference; lastKnownFileType = sourcecode.c.objc; path = MailHomeCell.m; sourceTree = "<group>"; };
		6BD9D262201B15AA008B7DA9 /* MailHomeCell.xib */ = {isa = PBXFileReference; lastKnownFileType = file.xib; path = MailHomeCell.xib; sourceTree = "<group>"; };
		EE13319ACCB9941686296DEE /* libPods-email.a */ = {isa = PBXFileReference; explicitFileType = archive.ar; includeInIndex = 0; path = "libPods-email.a"; sourceTree = BUILT_PRODUCTS_DIR; };
		F683CE3FD24B54885F1CE939 /* Pods-email.debug.xcconfig */ = {isa = PBXFileReference; includeInIndex = 1; lastKnownFileType = text.xcconfig; name = "Pods-email.debug.xcconfig"; path = "Pods/Target Support Files/Pods-email/Pods-email.debug.xcconfig"; sourceTree = "<group>"; };
/* End PBXFileReference section */

/* Begin PBXFrameworksBuildPhase section */
		6BD9D22F201AD3C2008B7DA9 /* Frameworks */ = {
			isa = PBXFrameworksBuildPhase;
			buildActionMask = 2147483647;
			files = (
				FE1A98AB4029D20E1693B514 /* libPods-email.a in Frameworks */,
			);
			runOnlyForDeploymentPostprocessing = 0;
		};
/* End PBXFrameworksBuildPhase section */

/* Begin PBXGroup section */
		6BD9D229201AD3C2008B7DA9 = {
			isa = PBXGroup;
			children = (
				6BD9D234201AD3C2008B7DA9 /* email */,
				6BD9D233201AD3C2008B7DA9 /* Products */,
				994E88B6737A7DDEE79A24C1 /* Pods */,
				B37923FE46CFE93CA7F12B86 /* Frameworks */,
			);
			sourceTree = "<group>";
		};
		6BD9D233201AD3C2008B7DA9 /* Products */ = {
			isa = PBXGroup;
			children = (
				6BD9D232201AD3C2008B7DA9 /* email.app */,
			);
			name = Products;
			sourceTree = "<group>";
		};
		6BD9D234201AD3C2008B7DA9 /* email */ = {
			isa = PBXGroup;
			children = (
				6BD9D254201AFC4F008B7DA9 /* Class */,
				6BD9D235201AD3C2008B7DA9 /* AppDelegate.h */,
				6BD9D236201AD3C2008B7DA9 /* AppDelegate.m */,
				6BD9D23B201AD3C2008B7DA9 /* Main.storyboard */,
				6BD9D241201AD3C2008B7DA9 /* Assets.xcassets */,
				6BD9D243201AD3C2008B7DA9 /* LaunchScreen.storyboard */,
				6BD9D246201AD3C2008B7DA9 /* Info.plist */,
				6BD9D247201AD3C2008B7DA9 /* main.m */,
				6BD9D23E201AD3C2008B7DA9 /* email.xcdatamodeld */,
			);
			path = email;
			sourceTree = "<group>";
		};
		6BD9D254201AFC4F008B7DA9 /* Class */ = {
			isa = PBXGroup;
			children = (
				6BD9D258201AFCBF008B7DA9 /* Tool */,
				6BD9D257201AFCB7008B7DA9 /* View */,
				6BD9D256201AFCB0008B7DA9 /* Model */,
				6BD9D255201AFCA4008B7DA9 /* Controller */,
			);
			path = Class;
			sourceTree = "<group>";
		};
		6BD9D255201AFCA4008B7DA9 /* Controller */ = {
			isa = PBXGroup;
			children = (
				6BD9D238201AD3C2008B7DA9 /* ViewController.h */,
				6BD9D239201AD3C2008B7DA9 /* ViewController.m */,
				6BD9D259201AFD3A008B7DA9 /* MailHomeControle.h */,
				6BD9D25A201AFD3A008B7DA9 /* MailHomeControle.m */,
			);
			path = Controller;
			sourceTree = "<group>";
		};
		6BD9D256201AFCB0008B7DA9 /* Model */ = {
			isa = PBXGroup;
			children = (
			);
			path = Model;
			sourceTree = "<group>";
		};
		6BD9D257201AFCB7008B7DA9 /* View */ = {
			isa = PBXGroup;
			children = (
				6BD9D25F201B1577008B7DA9 /* MailHomeCell.h */,
				6BD9D260201B1577008B7DA9 /* MailHomeCell.m */,
				6BD9D262201B15AA008B7DA9 /* MailHomeCell.xib */,
			);
			path = View;
			sourceTree = "<group>";
		};
		6BD9D258201AFCBF008B7DA9 /* Tool */ = {
			isa = PBXGroup;
			children = (
				6BD9D24E201AF502008B7DA9 /* emailNetWorkTool.h */,
				6BD9D24F201AF502008B7DA9 /* emailNetWorkTool.m */,
				6B3EEE572022BDD600017C0B /* EmailCacheTool.h */,
				6B3EEE582022BDD600017C0B /* EmailCacheTool.m */,
			);
			path = Tool;
			sourceTree = "<group>";
		};
		994E88B6737A7DDEE79A24C1 /* Pods */ = {
			isa = PBXGroup;
			children = (
				F683CE3FD24B54885F1CE939 /* Pods-email.debug.xcconfig */,
				358538D941BAF786D53F790B /* Pods-email.release.xcconfig */,
			);
			name = Pods;
			sourceTree = "<group>";
		};
		B37923FE46CFE93CA7F12B86 /* Frameworks */ = {
			isa = PBXGroup;
			children = (
				EE13319ACCB9941686296DEE /* libPods-email.a */,
			);
			name = Frameworks;
			sourceTree = "<group>";
		};
/* End PBXGroup section */

/* Begin PBXNativeTarget section */
		6BD9D231201AD3C2008B7DA9 /* email */ = {
			isa = PBXNativeTarget;
			buildConfigurationList = 6BD9D24B201AD3C2008B7DA9 /* Build configuration list for PBXNativeTarget "email" */;
			buildPhases = (
				3DB3828FA60622D59BD2FFED /* [CP] Check Pods Manifest.lock */,
				6BD9D22E201AD3C2008B7DA9 /* Sources */,
				6BD9D22F201AD3C2008B7DA9 /* Frameworks */,
				6BD9D230201AD3C2008B7DA9 /* Resources */,
			);
			buildRules = (
			);
			dependencies = (
			);
			name = email;
			productName = email;
			productReference = 6BD9D232201AD3C2008B7DA9 /* email.app */;
			productType = "com.apple.product-type.application";
		};
/* End PBXNativeTarget section */

/* Begin PBXProject section */
		6BD9D22A201AD3C2008B7DA9 /* Project object */ = {
			isa = PBXProject;
			attributes = {
				LastUpgradeCheck = 0920;
				ORGANIZATIONNAME = Financial;
				TargetAttributes = {
					6BD9D231201AD3C2008B7DA9 = {
						CreatedOnToolsVersion = 9.2;
						ProvisioningStyle = Automatic;
					};
				};
			};
			buildConfigurationList = 6BD9D22D201AD3C2008B7DA9 /* Build configuration list for PBXProject "email" */;
			compatibilityVersion = "Xcode 8.0";
			developmentRegion = en;
			hasScannedForEncodings = 0;
			knownRegions = (
				en,
				Base,
			);
			mainGroup = 6BD9D229201AD3C2008B7DA9;
			productRefGroup = 6BD9D233201AD3C2008B7DA9 /* Products */;
			projectDirPath = "";
			projectRoot = "";
			targets = (
				6BD9D231201AD3C2008B7DA9 /* email */,
			);
		};
/* End PBXProject section */

/* Begin PBXResourcesBuildPhase section */
		6BD9D230201AD3C2008B7DA9 /* Resources */ = {
			isa = PBXResourcesBuildPhase;
			buildActionMask = 2147483647;
			files = (
				6BD9D245201AD3C2008B7DA9 /* LaunchScreen.storyboard in Resources */,
				6BD9D263201B15AA008B7DA9 /* MailHomeCell.xib in Resources */,
				6BD9D242201AD3C2008B7DA9 /* Assets.xcassets in Resources */,
				6BD9D23D201AD3C2008B7DA9 /* Main.storyboard in Resources */,
			);
			runOnlyForDeploymentPostprocessing = 0;
		};
/* End PBXResourcesBuildPhase section */

/* Begin PBXShellScriptBuildPhase section */
		3DB3828FA60622D59BD2FFED /* [CP] Check Pods Manifest.lock */ = {
			isa = PBXShellScriptBuildPhase;
			buildActionMask = 2147483647;
			files = (
			);
			inputPaths = (
				"${PODS_PODFILE_DIR_PATH}/Podfile.lock",
				"${PODS_ROOT}/Manifest.lock",
			);
			name = "[CP] Check Pods Manifest.lock";
			outputPaths = (
				"$(DERIVED_FILE_DIR)/Pods-email-checkManifestLockResult.txt",
			);
			runOnlyForDeploymentPostprocessing = 0;
			shellPath = /bin/sh;
			shellScript = "diff \"${PODS_PODFILE_DIR_PATH}/Podfile.lock\" \"${PODS_ROOT}/Manifest.lock\" > /dev/null\nif [ $? != 0 ] ; then\n    # print error to STDERR\n    echo \"error: The sandbox is not in sync with the Podfile.lock. Run 'pod install' or update your CocoaPods installation.\" >&2\n    exit 1\nfi\n# This output is used by Xcode 'outputs' to avoid re-running this script phase.\necho \"SUCCESS\" > \"${SCRIPT_OUTPUT_FILE_0}\"\n";
			showEnvVarsInLog = 0;
		};
/* End PBXShellScriptBuildPhase section */

/* Begin PBXSourcesBuildPhase section */
		6BD9D22E201AD3C2008B7DA9 /* Sources */ = {
			isa = PBXSourcesBuildPhase;
			buildActionMask = 2147483647;
			files = (
				6BD9D23A201AD3C2008B7DA9 /* ViewController.m in Sources */,
				6BD9D240201AD3C2008B7DA9 /* email.xcdatamodeld in Sources */,
				6BD9D250201AF502008B7DA9 /* emailNetWorkTool.m in Sources */,
				6BD9D248201AD3C2008B7DA9 /* main.m in Sources */,
				6BD9D261201B1577008B7DA9 /* MailHomeCell.m in Sources */,
				6B3EEE592022BDD600017C0B /* EmailCacheTool.m in Sources */,
				6BD9D237201AD3C2008B7DA9 /* AppDelegate.m in Sources */,
				6BD9D25B201AFD3A008B7DA9 /* MailHomeControle.m in Sources */,
			);
			runOnlyForDeploymentPostprocessing = 0;
		};
/* End PBXSourcesBuildPhase section */

/* Begin PBXVariantGroup section */
		6BD9D23B201AD3C2008B7DA9 /* Main.storyboard */ = {
			isa = PBXVariantGroup;
			children = (
				6BD9D23C201AD3C2008B7DA9 /* Base */,
			);
			name = Main.storyboard;
			sourceTree = "<group>";
		};
		6BD9D243201AD3C2008B7DA9 /* LaunchScreen.storyboard */ = {
			isa = PBXVariantGroup;
			children = (
				6BD9D244201AD3C2008B7DA9 /* Base */,
			);
			name = LaunchScreen.storyboard;
			sourceTree = "<group>";
		};
/* End PBXVariantGroup section */

/* Begin XCBuildConfiguration section */
		6BD9D249201AD3C2008B7DA9 /* Debug */ = {
			isa = XCBuildConfiguration;
			buildSettings = {
				ALWAYS_SEARCH_USER_PATHS = NO;
				CLANG_ANALYZER_NONNULL = YES;
				CLANG_ANALYZER_NUMBER_OBJECT_CONVERSION = YES_AGGRESSIVE;
				CLANG_CXX_LANGUAGE_STANDARD = "gnu++14";
				CLANG_CXX_LIBRARY = "libc++";
				CLANG_ENABLE_MODULES = YES;
				CLANG_ENABLE_OBJC_ARC = YES;
				CLANG_WARN_BLOCK_CAPTURE_AUTORELEASING = YES;
				CLANG_WARN_BOOL_CONVERSION = YES;
				CLANG_WARN_COMMA = YES;
				CLANG_WARN_CONSTANT_CONVERSION = YES;
				CLANG_WARN_DIRECT_OBJC_ISA_USAGE = YES_ERROR;
				CLANG_WARN_DOCUMENTATION_COMMENTS = YES;
				CLANG_WARN_EMPTY_BODY = YES;
				CLANG_WARN_ENUM_CONVERSION = YES;
				CLANG_WARN_INFINITE_RECURSION = YES;
				CLANG_WARN_INT_CONVERSION = YES;
				CLANG_WARN_NON_LITERAL_NULL_CONVERSION = YES;
				CLANG_WARN_OBJC_LITERAL_CONVERSION = YES;
				CLANG_WARN_OBJC_ROOT_CLASS = YES_ERROR;
				CLANG_WARN_RANGE_LOOP_ANALYSIS = YES;
				CLANG_WARN_STRICT_PROTOTYPES = YES;
				CLANG_WARN_SUSPICIOUS_MOVE = YES;
				CLANG_WARN_UNGUARDED_AVAILABILITY = YES_AGGRESSIVE;
				CLANG_WARN_UNREACHABLE_CODE = YES;
				CLANG_WARN__DUPLICATE_METHOD_MATCH = YES;
				CODE_SIGN_IDENTITY = "iPhone Developer";
				COPY_PHASE_STRIP = NO;
				DEBUG_INFORMATION_FORMAT = dwarf;
				ENABLE_STRICT_OBJC_MSGSEND = YES;
				ENABLE_TESTABILITY = YES;
				GCC_C_LANGUAGE_STANDARD = gnu11;
				GCC_DYNAMIC_NO_PIC = NO;
				GCC_NO_COMMON_BLOCKS = YES;
				GCC_OPTIMIZATION_LEVEL = 0;
				GCC_PREPROCESSOR_DEFINITIONS = (
					"DEBUG=1",
					"$(inherited)",
				);
				GCC_WARN_64_TO_32_BIT_CONVERSION = YES;
				GCC_WARN_ABOUT_RETURN_TYPE = YES_ERROR;
				GCC_WARN_UNDECLARED_SELECTOR = YES;
				GCC_WARN_UNINITIALIZED_AUTOS = YES_AGGRESSIVE;
				GCC_WARN_UNUSED_FUNCTION = YES;
				GCC_WARN_UNUSED_VARIABLE = YES;
				IPHONEOS_DEPLOYMENT_TARGET = 11.2;
				MTL_ENABLE_DEBUG_INFO = YES;
				ONLY_ACTIVE_ARCH = YES;
				SDKROOT = iphoneos;
			};
			name = Debug;
		};
		6BD9D24A201AD3C2008B7DA9 /* Release */ = {
			isa = XCBuildConfiguration;
			buildSettings = {
				ALWAYS_SEARCH_USER_PATHS = NO;
				CLANG_ANALYZER_NONNULL = YES;
				CLANG_ANALYZER_NUMBER_OBJECT_CONVERSION = YES_AGGRESSIVE;
				CLANG_CXX_LANGUAGE_STANDARD = "gnu++14";
				CLANG_CXX_LIBRARY = "libc++";
				CLANG_ENABLE_MODULES = YES;
				CLANG_ENABLE_OBJC_ARC = YES;
				CLANG_WARN_BLOCK_CAPTURE_AUTORELEASING = YES;
				CLANG_WARN_BOOL_CONVERSION = YES;
				CLANG_WARN_COMMA = YES;
				CLANG_WARN_CONSTANT_CONVERSION = YES;
				CLANG_WARN_DIRECT_OBJC_ISA_USAGE = YES_ERROR;
				CLANG_WARN_DOCUMENTATION_COMMENTS = YES;
				CLANG_WARN_EMPTY_BODY = YES;
				CLANG_WARN_ENUM_CONVERSION = YES;
				CLANG_WARN_INFINITE_RECURSION = YES;
				CLANG_WARN_INT_CONVERSION = YES;
				CLANG_WARN_NON_LITERAL_NULL_CONVERSION = YES;
				CLANG_WARN_OBJC_LITERAL_CONVERSION = YES;
				CLANG_WARN_OBJC_ROOT_CLASS = YES_ERROR;
				CLANG_WARN_RANGE_LOOP_ANALYSIS = YES;
				CLANG_WARN_STRICT_PROTOTYPES = YES;
				CLANG_WARN_SUSPICIOUS_MOVE = YES;
				CLANG_WARN_UNGUARDED_AVAILABILITY = YES_AGGRESSIVE;
				CLANG_WARN_UNREACHABLE_CODE = YES;
				CLANG_WARN__DUPLICATE_METHOD_MATCH = YES;
				CODE_SIGN_IDENTITY = "iPhone Developer";
				COPY_PHASE_STRIP = NO;
				DEBUG_INFORMATION_FORMAT = "dwarf-with-dsym";
				ENABLE_NS_ASSERTIONS = NO;
				ENABLE_STRICT_OBJC_MSGSEND = YES;
				GCC_C_LANGUAGE_STANDARD = gnu11;
				GCC_NO_COMMON_BLOCKS = YES;
				GCC_WARN_64_TO_32_BIT_CONVERSION = YES;
				GCC_WARN_ABOUT_RETURN_TYPE = YES_ERROR;
				GCC_WARN_UNDECLARED_SELECTOR = YES;
				GCC_WARN_UNINITIALIZED_AUTOS = YES_AGGRESSIVE;
				GCC_WARN_UNUSED_FUNCTION = YES;
				GCC_WARN_UNUSED_VARIABLE = YES;
				IPHONEOS_DEPLOYMENT_TARGET = 11.2;
				MTL_ENABLE_DEBUG_INFO = NO;
				SDKROOT = iphoneos;
				VALIDATE_PRODUCT = YES;
			};
			name = Release;
		};
		6BD9D24C201AD3C2008B7DA9 /* Debug */ = {
			isa = XCBuildConfiguration;
			baseConfigurationReference = F683CE3FD24B54885F1CE939 /* Pods-email.debug.xcconfig */;
			buildSettings = {
				ASSETCATALOG_COMPILER_APPICON_NAME = AppIcon;
				"CODE_SIGN_IDENTITY[sdk=iphoneos*]" = "iPhone Developer";
				CODE_SIGN_STYLE = Automatic;
				DEVELOPMENT_TEAM = BSBY52WEJ6;
				INFOPLIST_FILE = email/Info.plist;
				IPHONEOS_DEPLOYMENT_TARGET = 8.0;
				LD_RUNPATH_SEARCH_PATHS = "$(inherited) @executable_path/Frameworks";
				PRODUCT_BUNDLE_IDENTIFIER = com.ifbpmob.ydbz;
				PRODUCT_NAME = "$(TARGET_NAME)";
				PROVISIONING_PROFILE_SPECIFIER = "";
				TARGETED_DEVICE_FAMILY = "1,2";
			};
			name = Debug;
		};
		6BD9D24D201AD3C2008B7DA9 /* Release */ = {
			isa = XCBuildConfiguration;
			baseConfigurationReference = 358538D941BAF786D53F790B /* Pods-email.release.xcconfig */;
			buildSettings = {
				ASSETCATALOG_COMPILER_APPICON_NAME = AppIcon;
				"CODE_SIGN_IDENTITY[sdk=iphoneos*]" = "iPhone Developer";
				CODE_SIGN_STYLE = Automatic;
				DEVELOPMENT_TEAM = BSBY52WEJ6;
				INFOPLIST_FILE = email/Info.plist;
				IPHONEOS_DEPLOYMENT_TARGET = 8.0;
				LD_RUNPATH_SEARCH_PATHS = "$(inherited) @executable_path/Frameworks";
				PRODUCT_BUNDLE_IDENTIFIER = com.ifbpmob.ydbz;
				PRODUCT_NAME = "$(TARGET_NAME)";
				PROVISIONING_PROFILE_SPECIFIER = "";
				TARGETED_DEVICE_FAMILY = "1,2";
			};
			name = Release;
		};
/* End XCBuildConfiguration section */

/* Begin XCConfigurationList section */
		6BD9D22D201AD3C2008B7DA9 /* Build configuration list for PBXProject "email" */ = {
			isa = XCConfigurationList;
			buildConfigurations = (
				6BD9D249201AD3C2008B7DA9 /* Debug */,
				6BD9D24A201AD3C2008B7DA9 /* Release */,
			);
			defaultConfigurationIsVisible = 0;
			defaultConfigurationName = Release;
		};
		6BD9D24B201AD3C2008B7DA9 /* Build configuration list for PBXNativeTarget "email" */ = {
			isa = XCConfigurationList;
			buildConfigurations = (
				6BD9D24C201AD3C2008B7DA9 /* Debug */,
				6BD9D24D201AD3C2008B7DA9 /* Release */,
			);
			defaultConfigurationIsVisible = 0;
			defaultConfigurationName = Release;
		};
/* End XCConfigurationList section */

/* Begin XCVersionGroup section */
		6BD9D23E201AD3C2008B7DA9 /* email.xcdatamodeld */ = {
			isa = XCVersionGroup;
			children = (
				6BD9D23F201AD3C2008B7DA9 /* email.xcdatamodel */,
			);
			currentVersion = 6BD9D23F201AD3C2008B7DA9 /* email.xcdatamodel */;
			path = email.xcdatamodeld;
			sourceTree = "<group>";
			versionGroupType = wrapper.xcdatamodel;
		};
/* End XCVersionGroup section */
	};
	rootObject = 6BD9D22A201AD3C2008B7DA9 /* Project object */;
}
